
Microsoft Visual Studio Solution File, Format Version 12.00
# Visual Studio Version 17
VisualStudioVersion = 17.4.33122.133
MinimumVisualStudioVersion = 10.0.40219.1
Project("{FAE04EC0-301F-11D3-BF4B-00C04F79EFBC}") = "Medicos", "Medicos\Medicos.csproj", "{FE3B79DB-75FD-48BC-A7BC-B1DD85521765}"
EndProject
Global
	GlobalSection(SolutionConfigurationPlatforms) = preSolution
		Debug|Any CPU = Debug|Any CPU
		Release|Any CPU = Release|Any CPU
	EndGlobalSection
	GlobalSection(ProjectConfigurationPlatforms) = postSolution
		{FE3B79DB-75FD-48BC-A7BC-B1DD85521765}.Debug|Any CPU.ActiveCfg = Debug|Any CPU
		{FE3B79DB-75FD-48BC-A7BC-B1DD85521765}.Debug|Any CPU.Build.0 = Debug|Any CPU
		{FE3B79DB-75FD-48BC-A7BC-B1DD85521765}.Release|Any CPU.ActiveCfg = Release|Any CPU
		{FE3B79DB-75FD-48BC-A7BC-B1DD85521765}.Release|Any CPU.Build.0 = Release|Any CPU
	EndGlobalSection
	GlobalSection(SolutionProperties) = preSolution
		HideSolutionNode = FALSE
	EndGlobalSection
	GlobalSection(ExtensibilityGlobals) = postSolution
		SolutionGuid = {39CC31C4-88A7-4443-ACAB-49D9B75E8AD7}
	EndGlobalSection
EndGlobal
